
Microsoft Visual Studio Solution File, Format Version 12.00
# Visual Studio 15
VisualStudioVersion = 15.0.26124.0
MinimumVisualStudioVersion = 15.0.26124.0
Project("{2150E333-8FDC-42A3-9474-1A3956D46DE8}") = "src", "src", "{C397A34C-84F1-49E7-AEBC-2F9F2B196216}"
EndProject
Project("{F2A71F9B-5D33-465A-A702-920D77279786}") = "fsharp2", "src\fsharp2\fsharp2.fsproj", "{5D30E174-2538-47AC-8443-318C8C5DC2C9}"
EndProject
Project("{2150E333-8FDC-42A3-9474-1A3956D46DE8}") = "tests", "tests", "{ACBEE43C-7A88-4FB1-9B06-DB064D22B29F}"
EndProject
Project("{F2A71F9B-5D33-465A-A702-920D77279786}") = "fsharp2.Tests", "tests\fsharp2.Tests\fsharp2.Tests.fsproj", "{1CA2E092-2320-451D-A4F0-9ED7C7C528CA}"
EndProject
Project("{F2A71F9B-5D33-465A-A702-920D77279786}") = "build", "build\build.fsproj", "{40D2259D-991D-44C4-B45D-C88CE0710C23}"
EndProject
Project("{F2A71F9B-5D33-465A-A702-920D77279786}") = "FSharp2.Compiler.Prototype.Core", "src\FSharp2.Compiler.Prototype.Core\FSharp2.Compiler.Prototype.Core.fsproj", "{D7A64243-748E-4B66-B19C-F73431647B5E}"
EndProject
Project("{F2A71F9B-5D33-465A-A702-920D77279786}") = "fsc2.Prototype", "src\fsc2.Prototype\fsc2.Prototype.fsproj", "{91E359F8-00B0-4500-8B2A-783F7A266F13}"
EndProject
Project("{FAE04EC0-301F-11D3-BF4B-00C04F79EFBC}") = "FSharp2.Compiler.MSBuild", "src\FSharp2.Compiler.MSBuild\FSharp2.Compiler.MSBuild.csproj", "{B8DFEDA0-28FF-4F96-9DDC-B049882B352C}"
EndProject
Project("{FAE04EC0-301F-11D3-BF4B-00C04F79EFBC}") = "FSharp2.Prototype.Consumer", "tests\FSharp2.Prototype.Consumer\FSharp2.Prototype.Consumer.csproj", "{033A1F1D-3414-4BB2-97CB-9082C6955653}"
EndProject
Project("{2150E333-8FDC-42A3-9474-1A3956D46DE8}") = "tools", "tools", "{B75B8139-BB91-43E7-BE46-3B270741F48E}"
EndProject
Project("{FAE04EC0-301F-11D3-BF4B-00C04F79EFBC}") = "FSharp2.DebuggerProbe", "tools\FSharp2.DebuggerProbe\FSharp2.DebuggerProbe.csproj", "{F6689C12-7A7D-4F75-99E7-353496E7C69A}"
EndProject
Project("{F2A71F9B-5D33-465A-A702-920D77279786}") = "FSharp2.DebuggerFixture", "tests\FSharp2.DebuggerFixture\FSharp2.DebuggerFixture.fsproj", "{A2DAB2E1-3247-4B06-9E0D-72EB2A11B1D8}"
EndProject
Project("{FAE04EC0-301F-11D3-BF4B-00C04F79EFBC}") = "FSharp2.Conformance", "tools\FSharp2.Conformance\FSharp2.Conformance.csproj", "{E483593F-A78C-448E-A137-931B3EAD979B}"
EndProject
Project("{F2A71F9B-5D33-465A-A702-920D77279786}") = "FSharp2.Conformance.Tests", "tests\FSharp2.Conformance.Tests\FSharp2.Conformance.Tests.fsproj", "{21C3AD45-9FF1-4B67-95D1-6565CFA49576}"
EndProject
Project("{F2A71F9B-5D33-465A-A702-920D77279786}") = "FSharp2.XParsec", "src\FSharp2.XParsec\FSharp2.XParsec.fsproj", "{52172954-4221-405C-9B58-3FD49D90BC34}"
EndProject
Project("{F2A71F9B-5D33-465A-A702-920D77279786}") = "FSharp2.XParsec.FSharp", "src\FSharp2.XParsec.FSharp\FSharp2.XParsec.FSharp.fsproj", "{B15F2F18-25A3-4D83-A003-4566055F5FEC}"
EndProject
Global
	GlobalSection(SolutionConfigurationPlatforms) = preSolution
		Debug|Any CPU = Debug|Any CPU
		Debug|x64 = Debug|x64
		Debug|x86 = Debug|x86
		Release|Any CPU = Release|Any CPU
		Release|x64 = Release|x64
		Release|x86 = Release|x86
	EndGlobalSection
	GlobalSection(ProjectConfigurationPlatforms) = postSolution
		{5D30E174-2538-47AC-8443-318C8C5DC2C9}.Debug|Any CPU.ActiveCfg = Debug|Any CPU
		{5D30E174-2538-47AC-8443-318C8C5DC2C9}.Debug|Any CPU.Build.0 = Debug|Any CPU
		{5D30E174-2538-47AC-8443-318C8C5DC2C9}.Debug|x64.ActiveCfg = Debug|x64
		{5D30E174-2538-47AC-8443-318C8C5DC2C9}.Debug|x64.Build.0 = Debug|x64
		{5D30E174-2538-47AC-8443-318C8C5DC2C9}.Debug|x86.ActiveCfg = Debug|x86
		{5D30E174-2538-47AC-8443-318C8C5DC2C9}.Debug|x86.Build.0 = Debug|x86
		{5D30E174-2538-47AC-8443-318C8C5DC2C9}.Release|Any CPU.ActiveCfg = Release|Any CPU
		{5D30E174-2538-47AC-8443-318C8C5DC2C9}.Release|Any CPU.Build.0 = Release|Any CPU
		{5D30E174-2538-47AC-8443-318C8C5DC2C9}.Release|x64.ActiveCfg = Release|x64
		{5D30E174-2538-47AC-8443-318C8C5DC2C9}.Release|x64.Build.0 = Release|x64
		{5D30E174-2538-47AC-8443-318C8C5DC2C9}.Release|x86.ActiveCfg = Release|x86
		{5D30E174-2538-47AC-8443-318C8C5DC2C9}.Release|x86.Build.0 = Release|x86
		{1CA2E092-2320-451D-A4F0-9ED7C7C528CA}.Debug|Any CPU.ActiveCfg = Debug|Any CPU
		{1CA2E092-2320-451D-A4F0-9ED7C7C528CA}.Debug|Any CPU.Build.0 = Debug|Any CPU
		{1CA2E092-2320-451D-A4F0-9ED7C7C528CA}.Debug|x64.ActiveCfg = Debug|x64
		{1CA2E092-2320-451D-A4F0-9ED7C7C528CA}.Debug|x64.Build.0 = Debug|x64
		{1CA2E092-2320-451D-A4F0-9ED7C7C528CA}.Debug|x86.ActiveCfg = Debug|x86
		{1CA2E092-2320-451D-A4F0-9ED7C7C528CA}.Debug|x86.Build.0 = Debug|x86
		{1CA2E092-2320-451D-A4F0-9ED7C7C528CA}.Release|Any CPU.ActiveCfg = Release|Any CPU
		{1CA2E092-2320-451D-A4F0-9ED7C7C528CA}.Release|Any CPU.Build.0 = Release|Any CPU
		{1CA2E092-2320-451D-A4F0-9ED7C7C528CA}.Release|x64.ActiveCfg = Release|x64
		{1CA2E092-2320-451D-A4F0-9ED7C7C528CA}.Release|x64.Build.0 = Release|x64
		{1CA2E092-2320-451D-A4F0-9ED7C7C528CA}.Release|x86.ActiveCfg = Release|x86
		{1CA2E092-2320-451D-A4F0-9ED7C7C528CA}.Release|x86.Build.0 = Release|x86
		{40D2259D-991D-44C4-B45D-C88CE0710C23}.Debug|Any CPU.ActiveCfg = Debug|Any CPU
		{40D2259D-991D-44C4-B45D-C88CE0710C23}.Debug|Any CPU.Build.0 = Debug|Any CPU
		{40D2259D-991D-44C4-B45D-C88CE0710C23}.Debug|x64.ActiveCfg = Debug|Any CPU
		{40D2259D-991D-44C4-B45D-C88CE0710C23}.Debug|x64.Build.0 = Debug|Any CPU
		{40D2259D-991D-44C4-B45D-C88CE0710C23}.Debug|x86.ActiveCfg = Debug|Any CPU
		{40D2259D-991D-44C4-B45D-C88CE0710C23}.Debug|x86.Build.0 = Debug|Any CPU
		{40D2259D-991D-44C4-B45D-C88CE0710C23}.Release|Any CPU.ActiveCfg = Release|Any CPU
		{40D2259D-991D-44C4-B45D-C88CE0710C23}.Release|Any CPU.Build.0 = Release|Any CPU
		{40D2259D-991D-44C4-B45D-C88CE0710C23}.Release|x64.ActiveCfg = Release|Any CPU
		{40D2259D-991D-44C4-B45D-C88CE0710C23}.Release|x64.Build.0 = Release|Any CPU
		{40D2259D-991D-44C4-B45D-C88CE0710C23}.Release|x86.ActiveCfg = Release|Any CPU
		{40D2259D-991D-44C4-B45D-C88CE0710C23}.Release|x86.Build.0 = Release|Any CPU
		{D7A64243-748E-4B66-B19C-F73431647B5E}.Debug|Any CPU.ActiveCfg = Debug|Any CPU
		{D7A64243-748E-4B66-B19C-F73431647B5E}.Debug|Any CPU.Build.0 = Debug|Any CPU
		{D7A64243-748E-4B66-B19C-F73431647B5E}.Debug|x64.ActiveCfg = Debug|Any CPU
		{D7A64243-748E-4B66-B19C-F73431647B5E}.Debug|x64.Build.0 = Debug|Any CPU
		{D7A64243-748E-4B66-B19C-F73431647B5E}.Debug|x86.ActiveCfg = Debug|Any CPU
		{D7A64243-748E-4B66-B19C-F73431647B5E}.Debug|x86.Build.0 = Debug|Any CPU
		{D7A64243-748E-4B66-B19C-F73431647B5E}.Release|Any CPU.ActiveCfg = Release|Any CPU
		{D7A64243-748E-4B66-B19C-F73431647B5E}.Release|Any CPU.Build.0 = Release|Any CPU
		{D7A64243-748E-4B66-B19C-F73431647B5E}.Release|x64.ActiveCfg = Release|Any CPU
		{D7A64243-748E-4B66-B19C-F73431647B5E}.Release|x64.Build.0 = Release|Any CPU
		{D7A64243-748E-4B66-B19C-F73431647B5E}.Release|x86.ActiveCfg = Release|Any CPU
		{D7A64243-748E-4B66-B19C-F73431647B5E}.Release|x86.Build.0 = Release|Any CPU
		{91E359F8-00B0-4500-8B2A-783F7A266F13}.Debug|Any CPU.ActiveCfg = Debug|Any CPU
		{91E359F8-00B0-4500-8B2A-783F7A266F13}.Debug|Any CPU.Build.0 = Debug|Any CPU
		{91E359F8-00B0-4500-8B2A-783F7A266F13}.Debug|x64.ActiveCfg = Debug|Any CPU
		{91E359F8-00B0-4500-8B2A-783F7A266F13}.Debug|x64.Build.0 = Debug|Any CPU
		{91E359F8-00B0-4500-8B2A-783F7A266F13}.Debug|x86.ActiveCfg = Debug|Any CPU
		{91E359F8-00B0-4500-8B2A-783F7A266F13}.Debug|x86.Build.0 = Debug|Any CPU
		{91E359F8-00B0-4500-8B2A-783F7A266F13}.Release|Any CPU.ActiveCfg = Release|Any CPU
		{91E359F8-00B0-4500-8B2A-783F7A266F13}.Release|Any CPU.Build.0 = Release|Any CPU
		{91E359F8-00B0-4500-8B2A-783F7A266F13}.Release|x64.ActiveCfg = Release|Any CPU
		{91E359F8-00B0-4500-8B2A-783F7A266F13}.Release|x64.Build.0 = Release|Any CPU
		{91E359F8-00B0-4500-8B2A-783F7A266F13}.Release|x86.ActiveCfg = Release|Any CPU
		{91E359F8-00B0-4500-8B2A-783F7A266F13}.Release|x86.Build.0 = Release|Any CPU
		{B8DFEDA0-28FF-4F96-9DDC-B049882B352C}.Debug|Any CPU.ActiveCfg = Debug|Any CPU
		{B8DFEDA0-28FF-4F96-9DDC-B049882B352C}.Debug|Any CPU.Build.0 = Debug|Any CPU
		{B8DFEDA0-28FF-4F96-9DDC-B049882B352C}.Debug|x64.ActiveCfg = Debug|Any CPU
		{B8DFEDA0-28FF-4F96-9DDC-B049882B352C}.Debug|x64.Build.0 = Debug|Any CPU
		{B8DFEDA0-28FF-4F96-9DDC-B049882B352C}.Debug|x86.ActiveCfg = Debug|Any CPU
		{B8DFEDA0-28FF-4F96-9DDC-B049882B352C}.Debug|x86.Build.0 = Debug|Any CPU
		{B8DFEDA0-28FF-4F96-9DDC-B049882B352C}.Release|Any CPU.ActiveCfg = Release|Any CPU
		{B8DFEDA0-28FF-4F96-9DDC-B049882B352C}.Release|Any CPU.Build.0 = Release|Any CPU
		{B8DFEDA0-28FF-4F96-9DDC-B049882B352C}.Release|x64.ActiveCfg = Release|Any CPU
		{B8DFEDA0-28FF-4F96-9DDC-B049882B352C}.Release|x64.Build.0 = Release|Any CPU
		{B8DFEDA0-28FF-4F96-9DDC-B049882B352C}.Release|x86.ActiveCfg = Release|Any CPU
		{B8DFEDA0-28FF-4F96-9DDC-B049882B352C}.Release|x86.Build.0 = Release|Any CPU
		{033A1F1D-3414-4BB2-97CB-9082C6955653}.Debug|Any CPU.ActiveCfg = Debug|Any CPU
		{033A1F1D-3414-4BB2-97CB-9082C6955653}.Debug|Any CPU.Build.0 = Debug|Any CPU
		{033A1F1D-3414-4BB2-97CB-9082C6955653}.Debug|x64.ActiveCfg = Debug|Any CPU
		{033A1F1D-3414-4BB2-97CB-9082C6955653}.Debug|x64.Build.0 = Debug|Any CPU
		{033A1F1D-3414-4BB2-97CB-9082C6955653}.Debug|x86.ActiveCfg = Debug|Any CPU
		{033A1F1D-3414-4BB2-97CB-9082C6955653}.Debug|x86.Build.0 = Debug|Any CPU
		{033A1F1D-3414-4BB2-97CB-9082C6955653}.Release|Any CPU.ActiveCfg = Release|Any CPU
		{033A1F1D-3414-4BB2-97CB-9082C6955653}.Release|Any CPU.Build.0 = Release|Any CPU
		{033A1F1D-3414-4BB2-97CB-9082C6955653}.Release|x64.ActiveCfg = Release|Any CPU
		{033A1F1D-3414-4BB2-97CB-9082C6955653}.Release|x64.Build.0 = Release|Any CPU
		{033A1F1D-3414-4BB2-97CB-9082C6955653}.Release|x86.ActiveCfg = Release|Any CPU
		{033A1F1D-3414-4BB2-97CB-9082C6955653}.Release|x86.Build.0 = Release|Any CPU
		{F6689C12-7A7D-4F75-99E7-353496E7C69A}.Debug|Any CPU.ActiveCfg = Debug|Any CPU
		{F6689C12-7A7D-4F75-99E7-353496E7C69A}.Debug|Any CPU.Build.0 = Debug|Any CPU
		{F6689C12-7A7D-4F75-99E7-353496E7C69A}.Debug|x64.ActiveCfg = Debug|Any CPU
		{F6689C12-7A7D-4F75-99E7-353496E7C69A}.Debug|x64.Build.0 = Debug|Any CPU
		{F6689C12-7A7D-4F75-99E7-353496E7C69A}.Debug|x86.ActiveCfg = Debug|Any CPU
		{F6689C12-7A7D-4F75-99E7-353496E7C69A}.Debug|x86.Build.0 = Debug|Any CPU
		{F6689C12-7A7D-4F75-99E7-353496E7C69A}.Release|Any CPU.ActiveCfg = Release|Any CPU
		{F6689C12-7A7D-4F75-99E7-353496E7C69A}.Release|Any CPU.Build.0 = Release|Any CPU
		{F6689C12-7A7D-4F75-99E7-353496E7C69A}.Release|x64.ActiveCfg = Release|Any CPU
		{F6689C12-7A7D-4F75-99E7-353496E7C69A}.Release|x64.Build.0 = Release|Any CPU
		{F6689C12-7A7D-4F75-99E7-353496E7C69A}.Release|x86.ActiveCfg = Release|Any CPU
		{F6689C12-7A7D-4F75-99E7-353496E7C69A}.Release|x86.Build.0 = Release|Any CPU
		{A2DAB2E1-3247-4B06-9E0D-72EB2A11B1D8}.Debug|Any CPU.ActiveCfg = Debug|Any CPU
		{A2DAB2E1-3247-4B06-9E0D-72EB2A11B1D8}.Debug|Any CPU.Build.0 = Debug|Any CPU
		{A2DAB2E1-3247-4B06-9E0D-72EB2A11B1D8}.Debug|x64.ActiveCfg = Debug|Any CPU
		{A2DAB2E1-3247-4B06-9E0D-72EB2A11B1D8}.Debug|x64.Build.0 = Debug|Any CPU
		{A2DAB2E1-3247-4B06-9E0D-72EB2A11B1D8}.Debug|x86.ActiveCfg = Debug|Any CPU
		{A2DAB2E1-3247-4B06-9E0D-72EB2A11B1D8}.Debug|x86.Build.0 = Debug|Any CPU
		{A2DAB2E1-3247-4B06-9E0D-72EB2A11B1D8}.Release|Any CPU.ActiveCfg = Release|Any CPU
		{A2DAB2E1-3247-4B06-9E0D-72EB2A11B1D8}.Release|Any CPU.Build.0 = Release|Any CPU
		{A2DAB2E1-3247-4B06-9E0D-72EB2A11B1D8}.Release|x64.ActiveCfg = Release|Any CPU
		{A2DAB2E1-3247-4B06-9E0D-72EB2A11B1D8}.Release|x64.Build.0 = Release|Any CPU
		{A2DAB2E1-3247-4B06-9E0D-72EB2A11B1D8}.Release|x86.ActiveCfg = Release|Any CPU
		{A2DAB2E1-3247-4B06-9E0D-72EB2A11B1D8}.Release|x86.Build.0 = Release|Any CPU
		{E483593F-A78C-448E-A137-931B3EAD979B}.Debug|Any CPU.ActiveCfg = Debug|Any CPU
		{E483593F-A78C-448E-A137-931B3EAD979B}.Debug|Any CPU.Build.0 = Debug|Any CPU
		{E483593F-A78C-448E-A137-931B3EAD979B}.Debug|x64.ActiveCfg = Debug|Any CPU
		{E483593F-A78C-448E-A137-931B3EAD979B}.Debug|x64.Build.0 = Debug|Any CPU
		{E483593F-A78C-448E-A137-931B3EAD979B}.Debug|x86.ActiveCfg = Debug|Any CPU
		{E483593F-A78C-448E-A137-931B3EAD979B}.Debug|x86.Build.0 = Debug|Any CPU
		{E483593F-A78C-448E-A137-931B3EAD979B}.Release|Any CPU.ActiveCfg = Release|Any CPU
		{E483593F-A78C-448E-A137-931B3EAD979B}.Release|Any CPU.Build.0 = Release|Any CPU
		{E483593F-A78C-448E-A137-931B3EAD979B}.Release|x64.ActiveCfg = Release|Any CPU
		{E483593F-A78C-448E-A137-931B3EAD979B}.Release|x64.Build.0 = Release|Any CPU
		{E483593F-A78C-448E-A137-931B3EAD979B}.Release|x86.ActiveCfg = Release|Any CPU
		{E483593F-A78C-448E-A137-931B3EAD979B}.Release|x86.Build.0 = Release|Any CPU
		{21C3AD45-9FF1-4B67-95D1-6565CFA49576}.Debug|Any CPU.ActiveCfg = Debug|Any CPU
		{21C3AD45-9FF1-4B67-95D1-6565CFA49576}.Debug|Any CPU.Build.0 = Debug|Any CPU
		{21C3AD45-9FF1-4B67-95D1-6565CFA49576}.Debug|x64.ActiveCfg = Debug|Any CPU
		{21C3AD45-9FF1-4B67-95D1-6565CFA49576}.Debug|x64.Build.0 = Debug|Any CPU
		{21C3AD45-9FF1-4B67-95D1-6565CFA49576}.Debug|x86.ActiveCfg = Debug|Any CPU
		{21C3AD45-9FF1-4B67-95D1-6565CFA49576}.Debug|x86.Build.0 = Debug|Any CPU
		{21C3AD45-9FF1-4B67-95D1-6565CFA49576}.Release|Any CPU.ActiveCfg = Release|Any CPU
		{21C3AD45-9FF1-4B67-95D1-6565CFA49576}.Release|Any CPU.Build.0 = Release|Any CPU
		{21C3AD45-9FF1-4B67-95D1-6565CFA49576}.Release|x64.ActiveCfg = Release|Any CPU
		{21C3AD45-9FF1-4B67-95D1-6565CFA49576}.Release|x64.Build.0 = Release|Any CPU
		{21C3AD45-9FF1-4B67-95D1-6565CFA49576}.Release|x86.ActiveCfg = Release|Any CPU
		{21C3AD45-9FF1-4B67-95D1-6565CFA49576}.Release|x86.Build.0 = Release|Any CPU
		{52172954-4221-405C-9B58-3FD49D90BC34}.Debug|Any CPU.ActiveCfg = Debug|Any CPU
		{52172954-4221-405C-9B58-3FD49D90BC34}.Debug|Any CPU.Build.0 = Debug|Any CPU
		{52172954-4221-405C-9B58-3FD49D90BC34}.Debug|x64.ActiveCfg = Debug|Any CPU
		{52172954-4221-405C-9B58-3FD49D90BC34}.Debug|x64.Build.0 = Debug|Any CPU
		{52172954-4221-405C-9B58-3FD49D90BC34}.Debug|x86.ActiveCfg = Debug|Any CPU
		{52172954-4221-405C-9B58-3FD49D90BC34}.Debug|x86.Build.0 = Debug|Any CPU
		{52172954-4221-405C-9B58-3FD49D90BC34}.Release|Any CPU.ActiveCfg = Release|Any CPU
		{52172954-4221-405C-9B58-3FD49D90BC34}.Release|Any CPU.Build.0 = Release|Any CPU
		{52172954-4221-405C-9B58-3FD49D90BC34}.Release|x64.ActiveCfg = Release|Any CPU
		{52172954-4221-405C-9B58-3FD49D90BC34}.Release|x64.Build.0 = Release|Any CPU
		{52172954-4221-405C-9B58-3FD49D90BC34}.Release|x86.ActiveCfg = Release|Any CPU
		{52172954-4221-405C-9B58-3FD49D90BC34}.Release|x86.Build.0 = Release|Any CPU
		{B15F2F18-25A3-4D83-A003-4566055F5FEC}.Debug|Any CPU.ActiveCfg = Debug|Any CPU
		{B15F2F18-25A3-4D83-A003-4566055F5FEC}.Debug|Any CPU.Build.0 = Debug|Any CPU
		{B15F2F18-25A3-4D83-A003-4566055F5FEC}.Debug|x64.ActiveCfg = Debug|Any CPU
		{B15F2F18-25A3-4D83-A003-4566055F5FEC}.Debug|x64.Build.0 = Debug|Any CPU
		{B15F2F18-25A3-4D83-A003-4566055F5FEC}.Debug|x86.ActiveCfg = Debug|Any CPU
		{B15F2F18-25A3-4D83-A003-4566055F5FEC}.Debug|x86.Build.0 = Debug|Any CPU
		{B15F2F18-25A3-4D83-A003-4566055F5FEC}.Release|Any CPU.ActiveCfg = Release|Any CPU
		{B15F2F18-25A3-4D83-A003-4566055F5FEC}.Release|Any CPU.Build.0 = Release|Any CPU
		{B15F2F18-25A3-4D83-A003-4566055F5FEC}.Release|x64.ActiveCfg = Release|Any CPU
		{B15F2F18-25A3-4D83-A003-4566055F5FEC}.Release|x64.Build.0 = Release|Any CPU
		{B15F2F18-25A3-4D83-A003-4566055F5FEC}.Release|x86.ActiveCfg = Release|Any CPU
		{B15F2F18-25A3-4D83-A003-4566055F5FEC}.Release|x86.Build.0 = Release|Any CPU
	EndGlobalSection
	GlobalSection(SolutionProperties) = preSolution
		HideSolutionNode = FALSE
	EndGlobalSection
	GlobalSection(NestedProjects) = preSolution
		{5D30E174-2538-47AC-8443-318C8C5DC2C9} = {C397A34C-84F1-49E7-AEBC-2F9F2B196216}
		{1CA2E092-2320-451D-A4F0-9ED7C7C528CA} = {ACBEE43C-7A88-4FB1-9B06-DB064D22B29F}
		{D7A64243-748E-4B66-B19C-F73431647B5E} = {C397A34C-84F1-49E7-AEBC-2F9F2B196216}
		{91E359F8-00B0-4500-8B2A-783F7A266F13} = {C397A34C-84F1-49E7-AEBC-2F9F2B196216}
		{B8DFEDA0-28FF-4F96-9DDC-B049882B352C} = {C397A34C-84F1-49E7-AEBC-2F9F2B196216}
		{033A1F1D-3414-4BB2-97CB-9082C6955653} = {ACBEE43C-7A88-4FB1-9B06-DB064D22B29F}
		{F6689C12-7A7D-4F75-99E7-353496E7C69A} = {B75B8139-BB91-43E7-BE46-3B270741F48E}
		{A2DAB2E1-3247-4B06-9E0D-72EB2A11B1D8} = {ACBEE43C-7A88-4FB1-9B06-DB064D22B29F}
		{E483593F-A78C-448E-A137-931B3EAD979B} = {B75B8139-BB91-43E7-BE46-3B270741F48E}
		{21C3AD45-9FF1-4B67-95D1-6565CFA49576} = {ACBEE43C-7A88-4FB1-9B06-DB064D22B29F}
		{52172954-4221-405C-9B58-3FD49D90BC34} = {C397A34C-84F1-49E7-AEBC-2F9F2B196216}
		{B15F2F18-25A3-4D83-A003-4566055F5FEC} = {C397A34C-84F1-49E7-AEBC-2F9F2B196216}
	EndGlobalSection
EndGlobal
